
Microsoft Visual Studio Solution File, Format Version 12.00
# Visual Studio Version 17
VisualStudioVersion = 17.9.34728.123
MinimumVisualStudioVersion = 10.0.40219.1
Project("{FAE04EC0-301F-11D3-BF4B-00C04F79EFBC}") = "WebApp", "WebApp\WebApp.csproj", "{DC8D7CC5-8E18-4AE8-B8BE-4CFA1E79F2BA}"
EndProject
Global
	GlobalSection(SolutionConfigurationPlatforms) = preSolution
		Debug|Any CPU = Debug|Any CPU
		Release|Any CPU = Release|Any CPU
	EndGlobalSection
	GlobalSection(ProjectConfigurationPlatforms) = postSolution
		{DC8D7CC5-8E18-4AE8-B8BE-4CFA1E79F2BA}.Debug|Any CPU.ActiveCfg = Debug|Any CPU
		{DC8D7CC5-8E18-4AE8-B8BE-4CFA1E79F2BA}.Debug|Any CPU.Build.0 = Debug|Any CPU
		{DC8D7CC5-8E18-4AE8-B8BE-4CFA1E79F2BA}.Release|Any CPU.ActiveCfg = Release|Any CPU
		{DC8D7CC5-8E18-4AE8-B8BE-4CFA1E79F2BA}.Release|Any CPU.Build.0 = Release|Any CPU
	EndGlobalSection
	GlobalSection(SolutionProperties) = preSolution
		HideSolutionNode = FALSE
	EndGlobalSection
	GlobalSection(ExtensibilityGlobals) = postSolution
		SolutionGuid = {53FF6ABD-6A3A-4343-B5AA-CBB615E1EB41}
	EndGlobalSection
EndGlobal
